// !$*UTF8*$!
{
	archiveVersion = 1;
	classes = {
	};
	objectVersion = 50;
	objects = {

/* Begin PBXBuildFile section */
		121A1462209C790300109404 /* main.cpp in Sources */ = {isa = PBXBuildFile; fileRef = 121A1459209C790200109404 /* main.cpp */; };
		121A1463209C790300109404 /* glad.c in Sources */ = {isa = PBXBuildFile; fileRef = 121A145A209C790200109404 /* glad.c */; };
		121A1464209C790300109404 /* drone.cpp in Sources */ = {isa = PBXBuildFile; fileRef = 121A145E209C790200109404 /* drone.cpp */; };
		121A1468209C792F00109404 /* OpenGL.framework in Frameworks */ = {isa = PBXBuildFile; fileRef = 121A1467209C792E00109404 /* OpenGL.framework */; };
		121A146A209C79BC00109404 /* libglfw.3.2.dylib in Frameworks */ = {isa = PBXBuildFile; fileRef = 121A1469209C79BC00109404 /* libglfw.3.2.dylib */; };
		121A146C209C7A0D00109404 /* libassimp.4.1.0.dylib in Frameworks */ = {isa = PBXBuildFile; fileRef = 121A146B209C7A0D00109404 /* libassimp.4.1.0.dylib */; };
		12767033209E27EA0003D85C /* Game.cpp in Sources */ = {isa = PBXBuildFile; fileRef = 12767031209E27EA0003D85C /* Game.cpp */; };
/* End PBXBuildFile section */

/* Begin PBXCopyFilesBuildPhase section */
		121A1449209C785E00109404 /* CopyFiles */ = {
			isa = PBXCopyFilesBuildPhase;
			buildActionMask = 2147483647;
			dstPath = /usr/share/man/man1/;
			dstSubfolderSpec = 0;
			files = (
			);
			runOnlyForDeploymentPostprocessing = 1;
		};
/* End PBXCopyFilesBuildPhase section */

/* Begin PBXFileReference section */
		121A144B209C785E00109404 /* Drone_Mac */ = {isa = PBXFileReference; explicitFileType = "compiled.mach-o.executable"; includeInIndex = 0; path = Drone_Mac; sourceTree = BUILT_PRODUCTS_DIR; };
		121A1455209C790200109404 /* shader_m.hpp */ = {isa = PBXFileReference; fileEncoding = 4; lastKnownFileType = sourcecode.cpp.h; path = shader_m.hpp; sourceTree = "<group>"; };
		121A1456209C790200109404 /* mesh.hpp */ = {isa = PBXFileReference; fileEncoding = 4; lastKnownFileType = sourcecode.cpp.h; path = mesh.hpp; sourceTree = "<group>"; };
		121A1457209C790200109404 /* camera.hpp */ = {isa = PBXFileReference; fileEncoding = 4; lastKnownFileType = sourcecode.cpp.h; path = camera.hpp; sourceTree = "<group>"; };
		121A1459209C790200109404 /* main.cpp */ = {isa = PBXFileReference; fileEncoding = 4; lastKnownFileType = sourcecode.cpp.cpp; path = main.cpp; sourceTree = "<group>"; };
		121A145A209C790200109404 /* glad.c */ = {isa = PBXFileReference; fileEncoding = 4; lastKnownFileType = sourcecode.c.c; path = glad.c; sourceTree = "<group>"; };
		121A145C209C790200109404 /* resources */ = {isa = PBXFileReference; lastKnownFileType = folder; path = resources; sourceTree = "<group>"; };
		121A145D209C790200109404 /* drone.hpp */ = {isa = PBXFileReference; fileEncoding = 4; lastKnownFileType = sourcecode.cpp.h; path = drone.hpp; sourceTree = "<group>"; };
		121A145E209C790200109404 /* drone.cpp */ = {isa = PBXFileReference; fileEncoding = 4; lastKnownFileType = sourcecode.cpp.cpp; path = drone.cpp; sourceTree = "<group>"; };
		121A145F209C790200109404 /* model.hpp */ = {isa = PBXFileReference; fileEncoding = 4; lastKnownFileType = sourcecode.cpp.h; path = model.hpp; sourceTree = "<group>"; };
		121A1460209C790300109404 /* stb_image.h */ = {isa = PBXFileReference; fileEncoding = 4; lastKnownFileType = sourcecode.c.h; path = stb_image.h; sourceTree = "<group>"; };
		121A1467209C792E00109404 /* OpenGL.framework */ = {isa = PBXFileReference; lastKnownFileType = wrapper.framework; name = OpenGL.framework; path = System/Library/Frameworks/OpenGL.framework; sourceTree = SDKROOT; };
		121A1469209C79BC00109404 /* libglfw.3.2.dylib */ = {isa = PBXFileReference; lastKnownFileType = "compiled.mach-o.dylib"; name = libglfw.3.2.dylib; path = ../../../../../../usr/local/Cellar/glfw/3.2.1/lib/libglfw.3.2.dylib; sourceTree = "<group>"; };
		121A146B209C7A0D00109404 /* libassimp.4.1.0.dylib */ = {isa = PBXFileReference; lastKnownFileType = "compiled.mach-o.dylib"; name = libassimp.4.1.0.dylib; path = ../../../../../../usr/local/Cellar/assimp/4.1.0/lib/libassimp.4.1.0.dylib; sourceTree = "<group>"; };
		12767031209E27EA0003D85C /* Game.cpp */ = {isa = PBXFileReference; lastKnownFileType = sourcecode.cpp.cpp; path = Game.cpp; sourceTree = "<group>"; };
		12767032209E27EA0003D85C /* Game.hpp */ = {isa = PBXFileReference; lastKnownFileType = sourcecode.cpp.h; path = Game.hpp; sourceTree = "<group>"; };
/* End PBXFileReference section */

/* Begin PBXFrameworksBuildPhase section */
		121A1448209C785E00109404 /* Frameworks */ = {
			isa = PBXFrameworksBuildPhase;
			buildActionMask = 2147483647;
			files = (
				121A146C209C7A0D00109404 /* libassimp.4.1.0.dylib in Frameworks */,
				121A146A209C79BC00109404 /* libglfw.3.2.dylib in Frameworks */,
				121A1468209C792F00109404 /* OpenGL.framework in Frameworks */,
			);
			runOnlyForDeploymentPostprocessing = 0;
		};
/* End PBXFrameworksBuildPhase section */

/* Begin PBXGroup section */
		121A1442209C785E00109404 = {
			isa = PBXGroup;
			children = (
				121A144D209C785E00109404 /* Drone_Mac */,
				121A144C209C785E00109404 /* Products */,
				121A1466209C792E00109404 /* Frameworks */,
			);
			sourceTree = "<group>";
		};
		121A144C209C785E00109404 /* Products */ = {
			isa = PBXGroup;
			children = (
				121A144B209C785E00109404 /* Drone_Mac */,
			);
			name = Products;
			sourceTree = "<group>";
		};
		121A144D209C785E00109404 /* Drone_Mac */ = {
			isa = PBXGroup;
			children = (
				121A1457209C790200109404 /* camera.hpp */,
				121A145E209C790200109404 /* drone.cpp */,
				121A145D209C790200109404 /* drone.hpp */,
				121A145A209C790200109404 /* glad.c */,
				121A1459209C790200109404 /* main.cpp */,
				12767031209E27EA0003D85C /* Game.cpp */,
				12767032209E27EA0003D85C /* Game.hpp */,
				121A1456209C790200109404 /* mesh.hpp */,
				121A145F209C790200109404 /* model.hpp */,
				121A145C209C790200109404 /* resources */,
				121A1455209C790200109404 /* shader_m.hpp */,
				121A1460209C790300109404 /* stb_image.h */,
			);
			path = Drone_Mac;
			sourceTree = "<group>";
		};
		121A1466209C792E00109404 /* Frameworks */ = {
			isa = PBXGroup;
			children = (
				121A146B209C7A0D00109404 /* libassimp.4.1.0.dylib */,
				121A1469209C79BC00109404 /* libglfw.3.2.dylib */,
				121A1467209C792E00109404 /* OpenGL.framework */,
			);
			name = Frameworks;
			sourceTree = "<group>";
		};
/* End PBXGroup section */

/* Begin PBXNativeTarget section */
		121A144A209C785E00109404 /* Drone_Mac */ = {
			isa = PBXNativeTarget;
			buildConfigurationList = 121A1452209C785E00109404 /* Build configuration list for PBXNativeTarget "Drone_Mac" */;
			buildPhases = (
				121A1447209C785E00109404 /* Sources */,
				121A1448209C785E00109404 /* Frameworks */,
				121A1449209C785E00109404 /* CopyFiles */,
			);
			buildRules = (
			);
			dependencies = (
			);
			name = Drone_Mac;
			productName = Drone_Mac;
			productReference = 121A144B209C785E00109404 /* Drone_Mac */;
			productType = "com.apple.product-type.tool";
		};
/* End PBXNativeTarget section */

/* Begin PBXProject section */
		121A1443209C785E00109404 /* Project object */ = {
			isa = PBXProject;
			attributes = {
				LastUpgradeCheck = 0930;
				ORGANIZATIONNAME = "FUFEI DU";
				TargetAttributes = {
					121A144A209C785E00109404 = {
						CreatedOnToolsVersion = 9.3;
					};
				};
			};
			buildConfigurationList = 121A1446209C785E00109404 /* Build configuration list for PBXProject "Drone_Mac" */;
			compatibilityVersion = "Xcode 9.3";
			developmentRegion = en;
			hasScannedForEncodings = 0;
			knownRegions = (
				en,
			);
			mainGroup = 121A1442209C785E00109404;
			productRefGroup = 121A144C209C785E00109404 /* Products */;
			projectDirPath = "";
			projectRoot = "";
			targets = (
				121A144A209C785E00109404 /* Drone_Mac */,
			);
		};
/* End PBXProject section */

/* Begin PBXSourcesBuildPhase section */
		121A1447209C785E00109404 /* Sources */ = {
			isa = PBXSourcesBuildPhase;
			buildActionMask = 2147483647;
			files = (
				121A1462209C790300109404 /* main.cpp in Sources */,
				121A1464209C790300109404 /* drone.cpp in Sources */,
				121A1463209C790300109404 /* glad.c in Sources */,
				12767033209E27EA0003D85C /* Game.cpp in Sources */,
			);
			runOnlyForDeploymentPostprocessing = 0;
		};
/* End PBXSourcesBuildPhase section */

/* Begin XCBuildConfiguration section */
		121A1450209C785E00109404 /* Debug */ = {
			isa = XCBuildConfiguration;
			buildSettings = {
				ALWAYS_SEARCH_USER_PATHS = NO;
				CLANG_ANALYZER_NONNULL = YES;
				CLANG_ANALYZER_NUMBER_OBJECT_CONVERSION = YES_AGGRESSIVE;
				CLANG_CXX_LANGUAGE_STANDARD = "gnu++14";
				CLANG_CXX_LIBRARY = "libc++";
				CLANG_ENABLE_MODULES = YES;
				CLANG_ENABLE_OBJC_ARC = YES;
				CLANG_ENABLE_OBJC_WEAK = YES;
				CLANG_WARN_BLOCK_CAPTURE_AUTORELEASING = YES;
				CLANG_WARN_BOOL_CONVERSION = YES;
				CLANG_WARN_COMMA = YES;
				CLANG_WARN_CONSTANT_CONVERSION = YES;
				CLANG_WARN_DEPRECATED_OBJC_IMPLEMENTATIONS = YES;
				CLANG_WARN_DIRECT_OBJC_ISA_USAGE = YES_ERROR;
				CLANG_WARN_DOCUMENTATION_COMMENTS = YES;
				CLANG_WARN_EMPTY_BODY = YES;
				CLANG_WARN_ENUM_CONVERSION = YES;
				CLANG_WARN_INFINITE_RECURSION = YES;
				CLANG_WARN_INT_CONVERSION = YES;
				CLANG_WARN_NON_LITERAL_NULL_CONVERSION = YES;
				CLANG_WARN_OBJC_IMPLICIT_RETAIN_SELF = YES;
				CLANG_WARN_OBJC_LITERAL_CONVERSION = YES;
				CLANG_WARN_OBJC_ROOT_CLASS = YES_ERROR;
				CLANG_WARN_RANGE_LOOP_ANALYSIS = YES;
				CLANG_WARN_STRICT_PROTOTYPES = YES;
				CLANG_WARN_SUSPICIOUS_MOVE = YES;
				CLANG_WARN_UNGUARDED_AVAILABILITY = YES_AGGRESSIVE;
				CLANG_WARN_UNREACHABLE_CODE = YES;
				CLANG_WARN__DUPLICATE_METHOD_MATCH = YES;
				CODE_SIGN_IDENTITY = "-";
				COPY_PHASE_STRIP = NO;
				DEBUG_INFORMATION_FORMAT = dwarf;
				ENABLE_STRICT_OBJC_MSGSEND = YES;
				ENABLE_TESTABILITY = YES;
				GCC_C_LANGUAGE_STANDARD = gnu11;
				GCC_DYNAMIC_NO_PIC = NO;
				GCC_NO_COMMON_BLOCKS = YES;
				GCC_OPTIMIZATION_LEVEL = 0;
				GCC_PREPROCESSOR_DEFINITIONS = (
					"DEBUG=1",
					"$(inherited)",
				);
				GCC_WARN_64_TO_32_BIT_CONVERSION = YES;
				GCC_WARN_ABOUT_RETURN_TYPE = YES_ERROR;
				GCC_WARN_UNDECLARED_SELECTOR = YES;
				GCC_WARN_UNINITIALIZED_AUTOS = YES_AGGRESSIVE;
				GCC_WARN_UNUSED_FUNCTION = YES;
				GCC_WARN_UNUSED_VARIABLE = YES;
				MACOSX_DEPLOYMENT_TARGET = 10.13;
				MTL_ENABLE_DEBUG_INFO = YES;
				ONLY_ACTIVE_ARCH = YES;
				SDKROOT = macosx;
			};
			name = Debug;
		};
		121A1451209C785E00109404 /* Release */ = {
			isa = XCBuildConfiguration;
			buildSettings = {
				ALWAYS_SEARCH_USER_PATHS = NO;
				CLANG_ANALYZER_NONNULL = YES;
				CLANG_ANALYZER_NUMBER_OBJECT_CONVERSION = YES_AGGRESSIVE;
				CLANG_CXX_LANGUAGE_STANDARD = "gnu++14";
				CLANG_CXX_LIBRARY = "libc++";
				CLANG_ENABLE_MODULES = YES;
				CLANG_ENABLE_OBJC_ARC = YES;
				CLANG_ENABLE_OBJC_WEAK = YES;
				CLANG_WARN_BLOCK_CAPTURE_AUTORELEASING = YES;
				CLANG_WARN_BOOL_CONVERSION = YES;
				CLANG_WARN_COMMA = YES;
				CLANG_WARN_CONSTANT_CONVERSION = YES;
				CLANG_WARN_DEPRECATED_OBJC_IMPLEMENTATIONS = YES;
				CLANG_WARN_DIRECT_OBJC_ISA_USAGE = YES_ERROR;
				CLANG_WARN_DOCUMENTATION_COMMENTS = YES;
				CLANG_WARN_EMPTY_BODY = YES;
				CLANG_WARN_ENUM_CONVERSION = YES;
				CLANG_WARN_INFINITE_RECURSION = YES;
				CLANG_WARN_INT_CONVERSION = YES;
				CLANG_WARN_NON_LITERAL_NULL_CONVERSION = YES;
				CLANG_WARN_OBJC_IMPLICIT_RETAIN_SELF = YES;
				CLANG_WARN_OBJC_LITERAL_CONVERSION = YES;
				CLANG_WARN_OBJC_ROOT_CLASS = YES_ERROR;
				CLANG_WARN_RANGE_LOOP_ANALYSIS = YES;
				CLANG_WARN_STRICT_PROTOTYPES = YES;
				CLANG_WARN_SUSPICIOUS_MOVE = YES;
				CLANG_WARN_UNGUARDED_AVAILABILITY = YES_AGGRESSIVE;
				CLANG_WARN_UNREACHABLE_CODE = YES;
				CLANG_WARN__DUPLICATE_METHOD_MATCH = YES;
				CODE_SIGN_IDENTITY = "-";
				COPY_PHASE_STRIP = NO;
				DEBUG_INFORMATION_FORMAT = "dwarf-with-dsym";
				ENABLE_NS_ASSERTIONS = NO;
				ENABLE_STRICT_OBJC_MSGSEND = YES;
				GCC_C_LANGUAGE_STANDARD = gnu11;
				GCC_NO_COMMON_BLOCKS = YES;
				GCC_WARN_64_TO_32_BIT_CONVERSION = YES;
				GCC_WARN_ABOUT_RETURN_TYPE = YES_ERROR;
				GCC_WARN_UNDECLARED_SELECTOR = YES;
				GCC_WARN_UNINITIALIZED_AUTOS = YES_AGGRESSIVE;
				GCC_WARN_UNUSED_FUNCTION = YES;
				GCC_WARN_UNUSED_VARIABLE = YES;
				MACOSX_DEPLOYMENT_TARGET = 10.13;
				MTL_ENABLE_DEBUG_INFO = NO;
				SDKROOT = macosx;
			};
			name = Release;
		};
		121A1453209C785E00109404 /* Debug */ = {
			isa = XCBuildConfiguration;
			buildSettings = {
				CODE_SIGN_STYLE = Automatic;
				HEADER_SEARCH_PATHS = (
					/usr/local/include,
					/usr/local/Cellar/assimp/4.1.0/include,
					/Users/fufeidu/Downloads/glm,
				);
				LIBRARY_SEARCH_PATHS = (
					"$(inherited)",
					/usr/local/Cellar/glfw/3.2.1/lib,
					/usr/local/Cellar/assimp/4.1.0/lib,
					/usr/local/lib,
				);
				PRODUCT_NAME = "$(TARGET_NAME)";
				USER_HEADER_SEARCH_PATHS = (
					/usr/local/include,
					/usr/local/Cellar/assimp/4.1.0/include,
					/Users/fufeidu/Downloads/glm,
				);
			};
			name = Debug;
		};
		121A1454209C785E00109404 /* Release */ = {
			isa = XCBuildConfiguration;
			buildSettings = {
				CODE_SIGN_STYLE = Automatic;
				HEADER_SEARCH_PATHS = (
					/usr/local/include,
					/usr/local/Cellar/assimp/4.1.0/include,
					/Users/fufeidu/Downloads/glm,
				);
				LIBRARY_SEARCH_PATHS = (
					"$(inherited)",
					/usr/local/Cellar/glfw/3.2.1/lib,
					/usr/local/Cellar/assimp/4.1.0/lib,
					/usr/local/lib,
				);
				PRODUCT_NAME = "$(TARGET_NAME)";
				USER_HEADER_SEARCH_PATHS = (
					/usr/local/include,
					/usr/local/Cellar/assimp/4.1.0/include,
					/Users/fufeidu/Downloads/glm,
				);
			};
			name = Release;
		};
/* End XCBuildConfiguration section */

/* Begin XCConfigurationList section */
		121A1446209C785E00109404 /* Build configuration list for PBXProject "Drone_Mac" */ = {
			isa = XCConfigurationList;
			buildConfigurations = (
				121A1450209C785E00109404 /* Debug */,
				121A1451209C785E00109404 /* Release */,
			);
			defaultConfigurationIsVisible = 0;
			defaultConfigurationName = Release;
		};
		121A1452209C785E00109404 /* Build configuration list for PBXNativeTarget "Drone_Mac" */ = {
			isa = XCConfigurationList;
			buildConfigurations = (
				121A1453209C785E00109404 /* Debug */,
				121A1454209C785E00109404 /* Release */,
			);
			defaultConfigurationIsVisible = 0;
			defaultConfigurationName = Release;
		};
/* End XCConfigurationList section */
	};
	rootObject = 121A1443209C785E00109404 /* Project object */;
}
